
Microsoft Visual Studio Solution File, Format Version 12.00
# Visual Studio Version 17
VisualStudioVersion = 17.0.31903.59
MinimumVisualStudioVersion = 10.0.40219.1
Project("{FAE04EC0-301F-11D3-BF4B-00C04F79EFBC}") = "GoalApi", "GoalApi\GoalApi.csproj", "{593507B5-39A7-42DD-912F-F9CAEFEA9970}"
EndProject
Global
	GlobalSection(SolutionConfigurationPlatforms) = preSolution
		Debug|Any CPU = Debug|Any CPU
		Release|Any CPU = Release|Any CPU
	EndGlobalSection
	GlobalSection(SolutionProperties) = preSolution
		HideSolutionNode = FALSE
	EndGlobalSection
	GlobalSection(ProjectConfigurationPlatforms) = postSolution
		{593507B5-39A7-42DD-912F-F9CAEFEA9970}.Debug|Any CPU.ActiveCfg = Debug|Any CPU
		{593507B5-39A7-42DD-912F-F9CAEFEA9970}.Debug|Any CPU.Build.0 = Debug|Any CPU
		{593507B5-39A7-42DD-912F-F9CAEFEA9970}.Release|Any CPU.ActiveCfg = Release|Any CPU
		{593507B5-39A7-42DD-912F-F9CAEFEA9970}.Release|Any CPU.Build.0 = Release|Any CPU
	EndGlobalSection
EndGlobal
